Microsoft Visual Studio Solution File, Format Version 11.00
# Visual Studio 2010
Project("{FAE04EC0-301F-11D3-BF4B-00C04F79EFBC}") = "ACMulticlient", "ACMulticlient.csproj", "{B9CBC57A-5979-4BEB-BF40-8D6F7B0DE6E3}"
EndProject
Global
	GlobalSection(SolutionConfigurationPlatforms) = preSolution
		Debug|Any CPU = Debug|Any CPU
		Release|Any CPU = Release|Any CPU
	EndGlobalSection
	GlobalSection(ProjectConfigurationPlatforms) = postSolution
		{B9CBC57A-5979-4BEB-BF40-8D6F7B0DE6E3}.Debug|Any CPU.ActiveCfg = Debug|Any CPU
		{B9CBC57A-5979-4BEB-BF40-8D6F7B0DE6E3}.Debug|Any CPU.Build.0 = Debug|Any CPU
		{B9CBC57A-5979-4BEB-BF40-8D6F7B0DE6E3}.Release|Any CPU.ActiveCfg = Release|Any CPU
		{B9CBC57A-5979-4BEB-BF40-8D6F7B0DE6E3}.Release|Any CPU.Build.0 = Release|Any CPU
	EndGlobalSection
	GlobalSection(SolutionProperties) = preSolution
		HideSolutionNode = FALSE
	EndGlobalSection
EndGlobal
